
Microsoft Visual Studio Solution File, Format Version 12.00
# Visual Studio Version 17
VisualStudioVersion = 17.10.34916.146
MinimumVisualStudioVersion = 10.0.40219.1
Project("{FAE04EC0-301F-11D3-BF4B-00C04F79EFBC}") = "ServerDiplom", "ServerDiplom\ServerDiplom.csproj", "{DFDAFDE3-8178-4240-8126-93AFC94FAC7A}"
EndProject
Global
	GlobalSection(SolutionConfigurationPlatforms) = preSolution
		Debug|Any CPU = Debug|Any CPU
		Release|Any CPU = Release|Any CPU
	EndGlobalSection
	GlobalSection(ProjectConfigurationPlatforms) = postSolution
		{DFDAFDE3-8178-4240-8126-93AFC94FAC7A}.Debug|Any CPU.ActiveCfg = Debug|Any CPU
		{DFDAFDE3-8178-4240-8126-93AFC94FAC7A}.Debug|Any CPU.Build.0 = Debug|Any CPU
		{DFDAFDE3-8178-4240-8126-93AFC94FAC7A}.Release|Any CPU.ActiveCfg = Release|Any CPU
		{DFDAFDE3-8178-4240-8126-93AFC94FAC7A}.Release|Any CPU.Build.0 = Release|Any CPU
	EndGlobalSection
	GlobalSection(SolutionProperties) = preSolution
		HideSolutionNode = FALSE
	EndGlobalSection
	GlobalSection(ExtensibilityGlobals) = postSolution
		SolutionGuid = {5B3B9EEB-6845-49E8-B6F9-ABE910E81699}
	EndGlobalSection
EndGlobal
